{
    "requires": true,
    "lockfileVersion": 1,
    "dependencies": {
        "@fortawesome/fontawesome-free": {
            "version": "5.14.0",
            "resolved": "https://registry.npmjs.org/@fortawesome/fontawesome-free/-/fontawesome-free-5.14.0.tgz",
            "integrity": "sha512-OfdMsF+ZQgdKHP9jUbmDcRrP0eX90XXrsXIdyjLbkmSBzmMXPABB8eobUJtivaupucYaByz6WNe1PI1JuYm3qA=="
        },
        "cropperjs": {
            "version": "1.5.9",
            "resolved": "https://registry.npmjs.org/cropperjs/-/cropperjs-1.5.9.tgz",
            "integrity": "sha512-aPWlg43sLIcYN4GBXIdyvM09wNPgn1ug+vNVwV8jlb3dbgEX/B34Iw6hrjGSajkUDQBmaCi6uPOevFb7N0yUsw=="
        }
    }
}
